
Microsoft Visual Studio Solution File, Format Version 12.00
# Visual Studio Version 17
VisualStudioVersion = 17.10.35013.160
MinimumVisualStudioVersion = 10.0.40219.1
Project("{FAE04EC0-301F-11D3-BF4B-00C04F79EFBC}") = "project 6_eCommerce", "project 6_eCommerce\project 6_eCommerce.csproj", "{D5D6DF7B-401F-496B-80E2-BAC45264BD85}"
EndProject
Global
	GlobalSection(SolutionConfigurationPlatforms) = preSolution
		Debug|Any CPU = Debug|Any CPU
		Release|Any CPU = Release|Any CPU
	EndGlobalSection
	GlobalSection(ProjectConfigurationPlatforms) = postSolution
		{D5D6DF7B-401F-496B-80E2-BAC45264BD85}.Debug|Any CPU.ActiveCfg = Debug|Any CPU
		{D5D6DF7B-401F-496B-80E2-BAC45264BD85}.Debug|Any CPU.Build.0 = Debug|Any CPU
		{D5D6DF7B-401F-496B-80E2-BAC45264BD85}.Release|Any CPU.ActiveCfg = Release|Any CPU
		{D5D6DF7B-401F-496B-80E2-BAC45264BD85}.Release|Any CPU.Build.0 = Release|Any CPU
	EndGlobalSection
	GlobalSection(SolutionProperties) = preSolution
		HideSolutionNode = FALSE
	EndGlobalSection
	GlobalSection(ExtensibilityGlobals) = postSolution
		SolutionGuid = {91AA29FC-0509-4C64-8C9E-0838B8715469}
	EndGlobalSection
EndGlobal
